
Microsoft Visual Studio Solution File, Format Version 12.00
# Visual Studio Version 16
VisualStudioVersion = 16.0.30309.148
MinimumVisualStudioVersion = 10.0.40219.1
Project("{FAE04EC0-301F-11D3-BF4B-00C04F79EFBC}") = "DDL-to-CSharp", "DDL-to-CSharp.csproj", "{0905F835-F4D7-4383-926F-D2091C947B7F}"
EndProject
Global
	GlobalSection(SolutionConfigurationPlatforms) = preSolution
		Debug|Any CPU = Debug|Any CPU
		Release|Any CPU = Release|Any CPU
	EndGlobalSection
	GlobalSection(ProjectConfigurationPlatforms) = postSolution
		{0905F835-F4D7-4383-926F-D2091C947B7F}.Debug|Any CPU.ActiveCfg = Debug|Any CPU
		{0905F835-F4D7-4383-926F-D2091C947B7F}.Debug|Any CPU.Build.0 = Debug|Any CPU
		{0905F835-F4D7-4383-926F-D2091C947B7F}.Release|Any CPU.ActiveCfg = Release|Any CPU
		{0905F835-F4D7-4383-926F-D2091C947B7F}.Release|Any CPU.Build.0 = Release|Any CPU
	EndGlobalSection
	GlobalSection(SolutionProperties) = preSolution
		HideSolutionNode = FALSE
	EndGlobalSection
	GlobalSection(ExtensibilityGlobals) = postSolution
		SolutionGuid = {93AD179F-A702-4EEF-97F9-D3936AB639E3}
	EndGlobalSection
EndGlobal
